
Microsoft Visual Studio Solution File, Format Version 12.00
# Visual Studio Version 16
VisualStudioVersion = 16.0.30011.22
MinimumVisualStudioVersion = 10.0.40219.1
Project("{FAE04EC0-301F-11D3-BF4B-00C04F79EFBC}") = "Geocoder_ver2", "Geocoder_ver2.csproj", "{265D13F6-312E-4C4D-BF00-BEE56BF22E06}"
EndProject
Global
	GlobalSection(SolutionConfigurationPlatforms) = preSolution
		Debug|Any CPU = Debug|Any CPU
		Release|Any CPU = Release|Any CPU
	EndGlobalSection
	GlobalSection(ProjectConfigurationPlatforms) = postSolution
		{265D13F6-312E-4C4D-BF00-BEE56BF22E06}.Debug|Any CPU.ActiveCfg = Debug|Any CPU
		{265D13F6-312E-4C4D-BF00-BEE56BF22E06}.Debug|Any CPU.Build.0 = Debug|Any CPU
		{265D13F6-312E-4C4D-BF00-BEE56BF22E06}.Release|Any CPU.ActiveCfg = Release|Any CPU
		{265D13F6-312E-4C4D-BF00-BEE56BF22E06}.Release|Any CPU.Build.0 = Release|Any CPU
	EndGlobalSection
	GlobalSection(SolutionProperties) = preSolution
		HideSolutionNode = FALSE
	EndGlobalSection
	GlobalSection(ExtensibilityGlobals) = postSolution
		SolutionGuid = {1B2D5525-5C1A-4D9D-8391-F59AB76E199E}
	EndGlobalSection
EndGlobal
